train:
  cmd: python -m spacy run train
  script:
    - python -m spacy train configs/config.cfg --output training/ --paths.train corpus/train.spacy
      --paths.dev corpus/dev.spacy --nlp.lang en --gpu-id -1
  deps:
    - path: configs/config.cfg
      md5: 2e3f11020ca27e1e10155ea9eb2798f2
    - path: corpus/train.spacy
      md5: 25722eb493b954dfdbd8d8f22d55ef84
    - path: corpus/dev.spacy
      md5: 94d8567348398afbb4561fda29813940
  outs:
    - path: training/model-best
      md5: 2c653ad174d37e7a4939195a4202416a
  spacy_version: 3.5.3
  spacy_git_version: '512241e12'
evaluate:
  cmd: python -m spacy run evaluate
  script:
    - python -m spacy evaluate training/model-best corpus/dev.spacy --output training/metrics.json
  deps:
    - path: corpus/dev.spacy
      md5: 94d8567348398afbb4561fda29813940
    - path: training/model-best
      md5: 2c653ad174d37e7a4939195a4202416a
  outs:
    - path: training/metrics.json
      md5: 31a72580281d49c2aaf100bf5bea0cdc
  spacy_version: 3.5.3
  spacy_git_version: '512241e12'
package:
  cmd: python -m spacy run package
  script:
    - python -m spacy package training/model-best packages --name textcat_multilabel_demo
      --version 0.0.0 --force
  deps:
    - path: training/model-best
      md5: 1435b4e959f7d140bc8a0ebc02ae04a1
  outs:
    - path: packages/en_textcat_multilabel_demo-0.0.0/dist/en_textcat_multilabel_demo-0.0.0.tar.gz
      md5: 16b125770a5426b9f7ad0cb70f08dbd3
  spacy_version: 3.5.3
  spacy_git_version: '512241e12'
